
Microsoft Visual Studio Solution File, Format Version 11.00
# Visual Studio 2010
Project("{FAE04EC0-301F-11D3-BF4B-00C04F79EFBC}") = "Assembly-CSharp", "Assembly-CSharp.csproj", "{61A180DC-7858-82E8-84BA-1D02FCEBA657}"
EndProject
Project("{FAE04EC0-301F-11D3-BF4B-00C04F79EFBC}") = "com.litefeel.BitmapFontImporter.Editor", "com.litefeel.BitmapFontImporter.Editor.csproj", "{27AB922D-65C4-E016-3CEC-F4624EFB2782}"
EndProject
Global
	GlobalSection(SolutionConfigurationPlatforms) = preSolution
		Debug|Any CPU = Debug|Any CPU
		Release|Any CPU = Release|Any CPU
	EndGlobalSection
	GlobalSection(ProjectConfigurationPlatforms) = postSolution
		{61A180DC-7858-82E8-84BA-1D02FCEBA657}.Debug|Any CPU.ActiveCfg = Debug|Any CPU
		{61A180DC-7858-82E8-84BA-1D02FCEBA657}.Debug|Any CPU.Build.0 = Debug|Any CPU
		{61A180DC-7858-82E8-84BA-1D02FCEBA657}.Release|Any CPU.ActiveCfg = Release|Any CPU
		{61A180DC-7858-82E8-84BA-1D02FCEBA657}.Release|Any CPU.Build.0 = Release|Any CPU
		{27AB922D-65C4-E016-3CEC-F4624EFB2782}.Debug|Any CPU.ActiveCfg = Debug|Any CPU
		{27AB922D-65C4-E016-3CEC-F4624EFB2782}.Debug|Any CPU.Build.0 = Debug|Any CPU
		{27AB922D-65C4-E016-3CEC-F4624EFB2782}.Release|Any CPU.ActiveCfg = Release|Any CPU
		{27AB922D-65C4-E016-3CEC-F4624EFB2782}.Release|Any CPU.Build.0 = Release|Any CPU
	EndGlobalSection
	GlobalSection(SolutionProperties) = preSolution
		HideSolutionNode = FALSE
	EndGlobalSection
EndGlobal
